
Microsoft Visual Studio Solution File, Format Version 12.00
# Visual Studio Version 17
VisualStudioVersion = 17.13.35931.197
MinimumVisualStudioVersion = 10.0.40219.1
Project("{FAE04EC0-301F-11D3-BF4B-00C04F79EFBC}") = "Furnex", "Furnex\Furnex.csproj", "{3E642213-8815-44D6-A134-AE9F9B06B04D}"
EndProject
Project("{54435603-DBB4-11D2-8724-00A0C9A8B90C}") = "FurnexSetup", "FurnexSetup\FurnexSetup.vdproj", "{EB5DE3D1-2EA9-5AB4-CCA5-109A77C64D90}"
EndProject
Global
	GlobalSection(SolutionConfigurationPlatforms) = preSolution
		Debug|Any CPU = Debug|Any CPU
		Release|Any CPU = Release|Any CPU
	EndGlobalSection
	GlobalSection(ProjectConfigurationPlatforms) = postSolution
		{3E642213-8815-44D6-A134-AE9F9B06B04D}.Debug|Any CPU.ActiveCfg = Debug|Any CPU
		{3E642213-8815-44D6-A134-AE9F9B06B04D}.Debug|Any CPU.Build.0 = Debug|Any CPU
		{3E642213-8815-44D6-A134-AE9F9B06B04D}.Release|Any CPU.ActiveCfg = Release|Any CPU
		{3E642213-8815-44D6-A134-AE9F9B06B04D}.Release|Any CPU.Build.0 = Release|Any CPU
		{EB5DE3D1-2EA9-5AB4-CCA5-109A77C64D90}.Debug|Any CPU.ActiveCfg = Debug
		{EB5DE3D1-2EA9-5AB4-CCA5-109A77C64D90}.Release|Any CPU.ActiveCfg = Release
	EndGlobalSection
	GlobalSection(SolutionProperties) = preSolution
		HideSolutionNode = FALSE
	EndGlobalSection
	GlobalSection(ExtensibilityGlobals) = postSolution
		SolutionGuid = {C66104E9-933C-4939-8237-AFB4F851D41A}
	EndGlobalSection
EndGlobal
